# This file is automatically @generated by Poetry 1.8.2 and should not be changed by hand.

[[package]]
name = "parameterized"
version = "0.9.0"
description = "Parameterized testing with any Python test framework"
optional = false
python-versions = ">=3.7"
files = [
    {file = "parameterized-0.9.0-py2.py3-none-any.whl", hash = "sha256:4e0758e3d41bea3bbd05ec14fc2c24736723f243b28d702081aef438c9372b1b"},
    {file = "parameterized-0.9.0.tar.gz", hash = "sha256:7fc905272cefa4f364c1a3429cbbe9c0f98b793988efb5bf90aac80f08db09b1"},
]

[package.extras]
dev = ["jinja2"]

[metadata]
lock-version = "2.0"
python-versions = "^3.10"
content-hash = "54cba47567d80dcebf4a5d6532729b08ce53de2fd6bd4f7ce4a95d58293bb901"
